
Microsoft Visual Studio Solution File, Format Version 12.00
# Visual Studio Version 16
VisualStudioVersion = 16.0.32602.291
MinimumVisualStudioVersion = 10.0.40219.1
Project("{FAE04EC0-301F-11D3-BF4B-00C04F79EFBC}") = "CRUDusingEFAssignment", "CRUDusingEFAssignment\CRUDusingEFAssignment.csproj", "{5155DB11-4A71-4486-A5FF-7944647D53BA}"
EndProject
Global
	GlobalSection(SolutionConfigurationPlatforms) = preSolution
		Debug|Any CPU = Debug|Any CPU
		Release|Any CPU = Release|Any CPU
	EndGlobalSection
	GlobalSection(ProjectConfigurationPlatforms) = postSolution
		{5155DB11-4A71-4486-A5FF-7944647D53BA}.Debug|Any CPU.ActiveCfg = Debug|Any CPU
		{5155DB11-4A71-4486-A5FF-7944647D53BA}.Debug|Any CPU.Build.0 = Debug|Any CPU
		{5155DB11-4A71-4486-A5FF-7944647D53BA}.Release|Any CPU.ActiveCfg = Release|Any CPU
		{5155DB11-4A71-4486-A5FF-7944647D53BA}.Release|Any CPU.Build.0 = Release|Any CPU
	EndGlobalSection
	GlobalSection(SolutionProperties) = preSolution
		HideSolutionNode = FALSE
	EndGlobalSection
	GlobalSection(ExtensibilityGlobals) = postSolution
		SolutionGuid = {67132747-7F6E-44D2-A5F0-53270E1C7429}
	EndGlobalSection
EndGlobal
